
Microsoft Visual Studio Solution File, Format Version 12.00
# Visual Studio 15
VisualStudioVersion = 15.0.28307.1800
MinimumVisualStudioVersion = 10.0.40219.1
Project("{FAE04EC0-301F-11D3-BF4B-00C04F79EFBC}") = "ReadINI", "ReadINI\ReadINI.csproj", "{DE66229B-71C6-4F14-B768-836DA66ECE46}"
EndProject
Global
	GlobalSection(SolutionConfigurationPlatforms) = preSolution
		Debug|Any CPU = Debug|Any CPU
		Release|Any CPU = Release|Any CPU
	EndGlobalSection
	GlobalSection(ProjectConfigurationPlatforms) = postSolution
		{DE66229B-71C6-4F14-B768-836DA66ECE46}.Debug|Any CPU.ActiveCfg = Debug|Any CPU
		{DE66229B-71C6-4F14-B768-836DA66ECE46}.Debug|Any CPU.Build.0 = Debug|Any CPU
		{DE66229B-71C6-4F14-B768-836DA66ECE46}.Release|Any CPU.ActiveCfg = Release|Any CPU
		{DE66229B-71C6-4F14-B768-836DA66ECE46}.Release|Any CPU.Build.0 = Release|Any CPU
	EndGlobalSection
	GlobalSection(SolutionProperties) = preSolution
		HideSolutionNode = FALSE
	EndGlobalSection
	GlobalSection(ExtensibilityGlobals) = postSolution
		SolutionGuid = {5AFB310D-5305-459B-A003-7B5FF81D0A5F}
	EndGlobalSection
EndGlobal
